{
  "name": "jison",
  "version": "0.4.16",
  "lockfileVersion": 1,
  "requires": true,
  "dependencies": {
    "colors": {
      "version": "1.4.0",
      "resolved": "https://registry.npmjs.org/colors/-/colors-1.4.0.tgz",
      "integrity": "sha512-a+UqTh4kgZg/SlGvfbzDHpgRu7AAQOmmqRHJnxhRZICKFUT91brVhNNt58CMWU9PsBbv3PDCZUHbVxuDiH2mtA=="
    },
    "fy": {
      "version": "github:hu2prod/fy#1d66a2d165fbc5cdfb33fe145cd9b69bd2d8cfd2",
      "from": "github:hu2prod/fy",
      "requires": {
        "iced-coffee-script": "^108.0.11",
        "prettyjson": "github:hu2prod/prettyjson"
      }
    },
    "iced-coffee-script": {
      "version": "108.0.14",
      "resolved": "https://registry.npmjs.org/iced-coffee-script/-/iced-coffee-script-108.0.14.tgz",
      "integrity": "sha512-e0CNmz51UGWRa2glPnUMnJM7oKQE81cxeC0WAgCjJDRImv3FDHldZr/Ngkbrgdbf1drGGzYWp+PWeJwXIfHwDw==",
      "requires": {
        "iced-runtime": ">=0.0.1",
        "uglify-js": "^3.5.9"
      },
      "dependencies": {
        "uglify-js": {
          "version": "3.13.10",
          "resolved": "https://registry.npmjs.org/uglify-js/-/uglify-js-3.13.10.tgz",
          "integrity": "sha512-57H3ACYFXeo1IaZ1w02sfA71wI60MGco/IQFjOqK+WtKoprh7Go2/yvd2HPtoJILO2Or84ncLccI4xoHMTSbGg=="
        }
      }
    },
    "iced-runtime": {
      "version": "1.0.4",
      "resolved": "https://registry.npmjs.org/iced-runtime/-/iced-runtime-1.0.4.tgz",
      "integrity": "sha512-rgiJXNF6ZgF2Clh/TKUlBDW3q51YPDJUXmxGQXx1b8tbZpVpTn+1RX9q1sjNkujXIIaVxZByQzPHHORg7KV51g=="
    },
    "prettyjson": {
      "version": "github:hu2prod/prettyjson#c4b52923922b943d9c7ede2e34ef7ed85b3bef96",
      "from": "github:hu2prod/prettyjson",
      "requires": {
        "colors": "^1.1.2"
      }
    }
  }
}
